
Microsoft Visual Studio Solution File, Format Version 12.00
Project("{FAE04EC0-301F-11D3-BF4B-00C04F79EFBC}") = "ChloeOS.Client", "ChloeOS.Client\ChloeOS.Client.csproj", "{24741682-D633-40F2-BF3D-1E30A4160AD7}"
EndProject
Project("{FAE04EC0-301F-11D3-BF4B-00C04F79EFBC}") = "ChloeOS.Business", "ChloeOS.Business\ChloeOS.Business.csproj", "{0E7BF872-A282-4C11-BBA3-156DBFDC8B7A}"
EndProject
Project("{FAE04EC0-301F-11D3-BF4B-00C04F79EFBC}") = "ChloeOS.DataAccess", "ChloeOS.DataAccess\ChloeOS.DataAccess.csproj", "{198974DA-B61D-42CB-8238-9B5DB3D669DB}"
EndProject
Global
	GlobalSection(SolutionConfigurationPlatforms) = preSolution
		Debug|Any CPU = Debug|Any CPU
		Release|Any CPU = Release|Any CPU
	EndGlobalSection
	GlobalSection(ProjectConfigurationPlatforms) = postSolution
		{24741682-D633-40F2-BF3D-1E30A4160AD7}.Debug|Any CPU.ActiveCfg = Debug|Any CPU
		{24741682-D633-40F2-BF3D-1E30A4160AD7}.Debug|Any CPU.Build.0 = Debug|Any CPU
		{24741682-D633-40F2-BF3D-1E30A4160AD7}.Release|Any CPU.ActiveCfg = Release|Any CPU
		{24741682-D633-40F2-BF3D-1E30A4160AD7}.Release|Any CPU.Build.0 = Release|Any CPU
		{0E7BF872-A282-4C11-BBA3-156DBFDC8B7A}.Debug|Any CPU.ActiveCfg = Debug|Any CPU
		{0E7BF872-A282-4C11-BBA3-156DBFDC8B7A}.Debug|Any CPU.Build.0 = Debug|Any CPU
		{0E7BF872-A282-4C11-BBA3-156DBFDC8B7A}.Release|Any CPU.ActiveCfg = Release|Any CPU
		{0E7BF872-A282-4C11-BBA3-156DBFDC8B7A}.Release|Any CPU.Build.0 = Release|Any CPU
		{198974DA-B61D-42CB-8238-9B5DB3D669DB}.Debug|Any CPU.ActiveCfg = Debug|Any CPU
		{198974DA-B61D-42CB-8238-9B5DB3D669DB}.Debug|Any CPU.Build.0 = Debug|Any CPU
		{198974DA-B61D-42CB-8238-9B5DB3D669DB}.Release|Any CPU.ActiveCfg = Release|Any CPU
		{198974DA-B61D-42CB-8238-9B5DB3D669DB}.Release|Any CPU.Build.0 = Release|Any CPU
	EndGlobalSection
EndGlobal
